
Microsoft Visual Studio Solution File, Format Version 12.00
# Visual Studio Version 17
VisualStudioVersion = 17.8.34525.116
MinimumVisualStudioVersion = 10.0.40219.1
Project("{9A19103F-16F7-4668-BE54-9A1E7A4F7556}") = "MutationTestingDemo", "MutationTestingDemo\MutationTestingDemo.csproj", "{FFB10CA7-C4D9-4CAD-9572-8F34368483B0}"
EndProject
Project("{FAE04EC0-301F-11D3-BF4B-00C04F79EFBC}") = "MutationTestingDemo.Tests", "MutationTestingDemo.Tests\MutationTestingDemo.Tests.csproj", "{96D44D43-B169-4635-BB8D-FCF8941ED00C}"
EndProject
Global
	GlobalSection(SolutionConfigurationPlatforms) = preSolution
		Debug|Any CPU = Debug|Any CPU
		Release|Any CPU = Release|Any CPU
	EndGlobalSection
	GlobalSection(ProjectConfigurationPlatforms) = postSolution
		{FFB10CA7-C4D9-4CAD-9572-8F34368483B0}.Debug|Any CPU.ActiveCfg = Debug|Any CPU
		{FFB10CA7-C4D9-4CAD-9572-8F34368483B0}.Debug|Any CPU.Build.0 = Debug|Any CPU
		{FFB10CA7-C4D9-4CAD-9572-8F34368483B0}.Release|Any CPU.ActiveCfg = Release|Any CPU
		{FFB10CA7-C4D9-4CAD-9572-8F34368483B0}.Release|Any CPU.Build.0 = Release|Any CPU
		{96D44D43-B169-4635-BB8D-FCF8941ED00C}.Debug|Any CPU.ActiveCfg = Debug|Any CPU
		{96D44D43-B169-4635-BB8D-FCF8941ED00C}.Debug|Any CPU.Build.0 = Debug|Any CPU
		{96D44D43-B169-4635-BB8D-FCF8941ED00C}.Release|Any CPU.ActiveCfg = Release|Any CPU
		{96D44D43-B169-4635-BB8D-FCF8941ED00C}.Release|Any CPU.Build.0 = Release|Any CPU
	EndGlobalSection
	GlobalSection(SolutionProperties) = preSolution
		HideSolutionNode = FALSE
	EndGlobalSection
	GlobalSection(ExtensibilityGlobals) = postSolution
		SolutionGuid = {897E1A16-D86E-4087-BEFC-77946FD93FAD}
	EndGlobalSection
EndGlobal
